
Microsoft Visual Studio Solution File, Format Version 12.00
# Visual Studio 14
VisualStudioVersion = 14.0.24720.0
MinimumVisualStudioVersion = 10.0.40219.1
Project("{FAE04EC0-301F-11D3-BF4B-00C04F79EFBC}") = "MonkeysApp.Droid", "MonkeysApp\MonkeysApp.Droid\MonkeysApp.Droid.csproj", "{6CC0D4F5-CDE4-4337-BCBF-1D5D2FA579E3}"
EndProject
Project("{FAE04EC0-301F-11D3-BF4B-00C04F79EFBC}") = "MonkeysApp.iOS", "MonkeysApp\MonkeysApp.iOS\MonkeysApp.iOS.csproj", "{5AAC9F4D-3E37-4212-8668-14167A127482}"
EndProject
Project("{FAE04EC0-301F-11D3-BF4B-00C04F79EFBC}") = "MonkeysApp.WinPhone", "MonkeysApp\MonkeysApp.WinPhone\MonkeysApp.WinPhone.csproj", "{65855B1D-6396-4E24-B093-06783A5573BA}"
EndProject
Project("{FAE04EC0-301F-11D3-BF4B-00C04F79EFBC}") = "MonkeysApp.UWP", "MonkeysApp\MonkeysApp.UWP\MonkeysApp.UWP.csproj", "{B73D420B-5DD4-4D39-8AE9-F04DC2CE79BD}"
EndProject
Project("{FAE04EC0-301F-11D3-BF4B-00C04F79EFBC}") = "MonkeysApp.Windows", "MonkeysApp\MonkeysApp.Windows\MonkeysApp.Windows.csproj", "{C645788C-CF9C-41AC-939D-DAAF2DC282BE}"
EndProject
Project("{D954291E-2A0B-460D-934E-DC6B0785DB48}") = "MonkeysApp", "MonkeysApp\MonkeysApp\MonkeysApp.shproj", "{D8480A1D-D609-432E-8D50-CAE400BC4A9A}"
EndProject
Global
	GlobalSection(SharedMSBuildProjectFiles) = preSolution
		MonkeysApp\MonkeysApp\MonkeysApp.projitems*{6cc0d4f5-cde4-4337-bcbf-1d5d2fa579e3}*SharedItemsImports = 4
		MonkeysApp\MonkeysApp\MonkeysApp.projitems*{d8480a1d-d609-432e-8d50-cae400bc4a9a}*SharedItemsImports = 13
		MonkeysApp\MonkeysApp\MonkeysApp.projitems*{c645788c-cf9c-41ac-939d-daaf2dc282be}*SharedItemsImports = 4
		MonkeysApp\MonkeysApp\MonkeysApp.projitems*{65855b1d-6396-4e24-b093-06783a5573ba}*SharedItemsImports = 4
		MonkeysApp\MonkeysApp\MonkeysApp.projitems*{b73d420b-5dd4-4d39-8ae9-f04dc2ce79bd}*SharedItemsImports = 4
		MonkeysApp\MonkeysApp\MonkeysApp.projitems*{5aac9f4d-3e37-4212-8668-14167a127482}*SharedItemsImports = 4
	EndGlobalSection
	GlobalSection(SolutionConfigurationPlatforms) = preSolution
		Ad-Hoc|Any CPU = Ad-Hoc|Any CPU
		Ad-Hoc|ARM = Ad-Hoc|ARM
		Ad-Hoc|iPhone = Ad-Hoc|iPhone
		Ad-Hoc|iPhoneSimulator = Ad-Hoc|iPhoneSimulator
		Ad-Hoc|x64 = Ad-Hoc|x64
		Ad-Hoc|x86 = Ad-Hoc|x86
		AppStore|Any CPU = AppStore|Any CPU
		AppStore|ARM = AppStore|ARM
		AppStore|iPhone = AppStore|iPhone
		AppStore|iPhoneSimulator = AppStore|iPhoneSimulator
		AppStore|x64 = AppStore|x64
		AppStore|x86 = AppStore|x86
		Debug|Any CPU = Debug|Any CPU
		Debug|ARM = Debug|ARM
		Debug|iPhone = Debug|iPhone
		Debug|iPhoneSimulator = Debug|iPhoneSimulator
		Debug|x64 = Debug|x64
		Debug|x86 = Debug|x86
		Release|Any CPU = Release|Any CPU
		Release|ARM = Release|ARM
		Release|iPhone = Release|iPhone
		Release|iPhoneSimulator = Release|iPhoneSimulator
		Release|x64 = Release|x64
		Release|x86 = Release|x86
	EndGlobalSection
	GlobalSection(ProjectConfigurationPlatforms) = postSolution
		{6CC0D4F5-CDE4-4337-BCBF-1D5D2FA579E3}.Ad-Hoc|Any CPU.ActiveCfg = Release|Any CPU
		{6CC0D4F5-CDE4-4337-BCBF-1D5D2FA579E3}.Ad-Hoc|Any CPU.Build.0 = Release|Any CPU
		{6CC0D4F5-CDE4-4337-BCBF-1D5D2FA579E3}.Ad-Hoc|Any CPU.Deploy.0 = Release|Any CPU
		{6CC0D4F5-CDE4-4337-BCBF-1D5D2FA579E3}.Ad-Hoc|ARM.ActiveCfg = Release|Any CPU
		{6CC0D4F5-CDE4-4337-BCBF-1D5D2FA579E3}.Ad-Hoc|ARM.Build.0 = Release|Any CPU
		{6CC0D4F5-CDE4-4337-BCBF-1D5D2FA579E3}.Ad-Hoc|ARM.Deploy.0 = Release|Any CPU
		{6CC0D4F5-CDE4-4337-BCBF-1D5D2FA579E3}.Ad-Hoc|iPhone.ActiveCfg = Release|Any CPU
		{6CC0D4F5-CDE4-4337-BCBF-1D5D2FA579E3}.Ad-Hoc|iPhone.Build.0 = Release|Any CPU
		{6CC0D4F5-CDE4-4337-BCBF-1D5D2FA579E3}.Ad-Hoc|iPhone.Deploy.0 = Release|Any CPU
		{6CC0D4F5-CDE4-4337-BCBF-1D5D2FA579E3}.Ad-Hoc|iPhoneSimulator.ActiveCfg = Release|Any CPU
		{6CC0D4F5-CDE4-4337-BCBF-1D5D2FA579E3}.Ad-Hoc|iPhoneSimulator.Build.0 = Release|Any CPU
		{6CC0D4F5-CDE4-4337-BCBF-1D5D2FA579E3}.Ad-Hoc|iPhoneSimulator.Deploy.0 = Release|Any CPU
		{6CC0D4F5-CDE4-4337-BCBF-1D5D2FA579E3}.Ad-Hoc|x64.ActiveCfg = Release|Any CPU
		{6CC0D4F5-CDE4-4337-BCBF-1D5D2FA579E3}.Ad-Hoc|x64.Build.0 = Release|Any CPU
		{6CC0D4F5-CDE4-4337-BCBF-1D5D2FA579E3}.Ad-Hoc|x64.Deploy.0 = Release|Any CPU
		{6CC0D4F5-CDE4-4337-BCBF-1D5D2FA579E3}.Ad-Hoc|x86.ActiveCfg = Release|Any CPU
		{6CC0D4F5-CDE4-4337-BCBF-1D5D2FA579E3}.Ad-Hoc|x86.Build.0 = Release|Any CPU
		{6CC0D4F5-CDE4-4337-BCBF-1D5D2FA579E3}.Ad-Hoc|x86.Deploy.0 = Release|Any CPU
		{6CC0D4F5-CDE4-4337-BCBF-1D5D2FA579E3}.AppStore|Any CPU.ActiveCfg = Release|Any CPU
		{6CC0D4F5-CDE4-4337-BCBF-1D5D2FA579E3}.AppStore|Any CPU.Build.0 = Release|Any CPU
		{6CC0D4F5-CDE4-4337-BCBF-1D5D2FA579E3}.AppStore|Any CPU.Deploy.0 = Release|Any CPU
		{6CC0D4F5-CDE4-4337-BCBF-1D5D2FA579E3}.AppStore|ARM.ActiveCfg = Release|Any CPU
		{6CC0D4F5-CDE4-4337-BCBF-1D5D2FA579E3}.AppStore|ARM.Build.0 = Release|Any CPU
		{6CC0D4F5-CDE4-4337-BCBF-1D5D2FA579E3}.AppStore|ARM.Deploy.0 = Release|Any CPU
		{6CC0D4F5-CDE4-4337-BCBF-1D5D2FA579E3}.AppStore|iPhone.ActiveCfg = Release|Any CPU
		{6CC0D4F5-CDE4-4337-BCBF-1D5D2FA579E3}.AppStore|iPhone.Build.0 = Release|Any CPU
		{6CC0D4F5-CDE4-4337-BCBF-1D5D2FA579E3}.AppStore|iPhone.Deploy.0 = Release|Any CPU
		{6CC0D4F5-CDE4-4337-BCBF-1D5D2FA579E3}.AppStore|iPhoneSimulator.ActiveCfg = Release|Any CPU
		{6CC0D4F5-CDE4-4337-BCBF-1D5D2FA579E3}.AppStore|iPhoneSimulator.Build.0 = Release|Any CPU
		{6CC0D4F5-CDE4-4337-BCBF-1D5D2FA579E3}.AppStore|iPhoneSimulator.Deploy.0 = Release|Any CPU
		{6CC0D4F5-CDE4-4337-BCBF-1D5D2FA579E3}.AppStore|x64.ActiveCfg = Release|Any CPU
		{6CC0D4F5-CDE4-4337-BCBF-1D5D2FA579E3}.AppStore|x64.Build.0 = Release|Any CPU
		{6CC0D4F5-CDE4-4337-BCBF-1D5D2FA579E3}.AppStore|x64.Deploy.0 = Release|Any CPU
		{6CC0D4F5-CDE4-4337-BCBF-1D5D2FA579E3}.AppStore|x86.ActiveCfg = Release|Any CPU
		{6CC0D4F5-CDE4-4337-BCBF-1D5D2FA579E3}.AppStore|x86.Build.0 = Release|Any CPU
		{6CC0D4F5-CDE4-4337-BCBF-1D5D2FA579E3}.AppStore|x86.Deploy.0 = Release|Any CPU
		{6CC0D4F5-CDE4-4337-BCBF-1D5D2FA579E3}.Debug|Any CPU.ActiveCfg = Debug|Any CPU
		{6CC0D4F5-CDE4-4337-BCBF-1D5D2FA579E3}.Debug|Any CPU.Build.0 = Debug|Any CPU
		{6CC0D4F5-CDE4-4337-BCBF-1D5D2FA579E3}.Debug|Any CPU.Deploy.0 = Debug|Any CPU
		{6CC0D4F5-CDE4-4337-BCBF-1D5D2FA579E3}.Debug|ARM.ActiveCfg = Debug|Any CPU
		{6CC0D4F5-CDE4-4337-BCBF-1D5D2FA579E3}.Debug|ARM.Build.0 = Debug|Any CPU
		{6CC0D4F5-CDE4-4337-BCBF-1D5D2FA579E3}.Debug|ARM.Deploy.0 = Debug|Any CPU
		{6CC0D4F5-CDE4-4337-BCBF-1D5D2FA579E3}.Debug|iPhone.ActiveCfg = Debug|Any CPU
		{6CC0D4F5-CDE4-4337-BCBF-1D5D2FA579E3}.Debug|iPhone.Build.0 = Debug|Any CPU
		{6CC0D4F5-CDE4-4337-BCBF-1D5D2FA579E3}.Debug|iPhone.Deploy.0 = Debug|Any CPU
		{6CC0D4F5-CDE4-4337-BCBF-1D5D2FA579E3}.Debug|iPhoneSimulator.ActiveCfg = Debug|Any CPU
		{6CC0D4F5-CDE4-4337-BCBF-1D5D2FA579E3}.Debug|iPhoneSimulator.Build.0 = Debug|Any CPU
		{6CC0D4F5-CDE4-4337-BCBF-1D5D2FA579E3}.Debug|iPhoneSimulator.Deploy.0 = Debug|Any CPU
		{6CC0D4F5-CDE4-4337-BCBF-1D5D2FA579E3}.Debug|x64.ActiveCfg = Debug|Any CPU
		{6CC0D4F5-CDE4-4337-BCBF-1D5D2FA579E3}.Debug|x64.Build.0 = Debug|Any CPU
		{6CC0D4F5-CDE4-4337-BCBF-1D5D2FA579E3}.Debug|x64.Deploy.0 = Debug|Any CPU
		{6CC0D4F5-CDE4-4337-BCBF-1D5D2FA579E3}.Debug|x86.ActiveCfg = Debug|Any CPU
		{6CC0D4F5-CDE4-4337-BCBF-1D5D2FA579E3}.Debug|x86.Build.0 = Debug|Any CPU
		{6CC0D4F5-CDE4-4337-BCBF-1D5D2FA579E3}.Debug|x86.Deploy.0 = Debug|Any CPU
		{6CC0D4F5-CDE4-4337-BCBF-1D5D2FA579E3}.Release|Any CPU.ActiveCfg = Release|Any CPU
		{6CC0D4F5-CDE4-4337-BCBF-1D5D2FA579E3}.Release|Any CPU.Build.0 = Release|Any CPU
		{6CC0D4F5-CDE4-4337-BCBF-1D5D2FA579E3}.Release|Any CPU.Deploy.0 = Release|Any CPU
		{6CC0D4F5-CDE4-4337-BCBF-1D5D2FA579E3}.Release|ARM.ActiveCfg = Release|Any CPU
		{6CC0D4F5-CDE4-4337-BCBF-1D5D2FA579E3}.Release|ARM.Build.0 = Release|Any CPU
		{6CC0D4F5-CDE4-4337-BCBF-1D5D2FA579E3}.Release|ARM.Deploy.0 = Release|Any CPU
		{6CC0D4F5-CDE4-4337-BCBF-1D5D2FA579E3}.Release|iPhone.ActiveCfg = Release|Any CPU
		{6CC0D4F5-CDE4-4337-BCBF-1D5D2FA579E3}.Release|iPhone.Build.0 = Release|Any CPU
		{6CC0D4F5-CDE4-4337-BCBF-1D5D2FA579E3}.Release|iPhone.Deploy.0 = Release|Any CPU
		{6CC0D4F5-CDE4-4337-BCBF-1D5D2FA579E3}.Release|iPhoneSimulator.ActiveCfg = Release|Any CPU
		{6CC0D4F5-CDE4-4337-BCBF-1D5D2FA579E3}.Release|iPhoneSimulator.Build.0 = Release|Any CPU
		{6CC0D4F5-CDE4-4337-BCBF-1D5D2FA579E3}.Release|iPhoneSimulator.Deploy.0 = Release|Any CPU
		{6CC0D4F5-CDE4-4337-BCBF-1D5D2FA579E3}.Release|x64.ActiveCfg = Release|Any CPU
		{6CC0D4F5-CDE4-4337-BCBF-1D5D2FA579E3}.Release|x64.Build.0 = Release|Any CPU
		{6CC0D4F5-CDE4-4337-BCBF-1D5D2FA579E3}.Release|x64.Deploy.0 = Release|Any CPU
		{6CC0D4F5-CDE4-4337-BCBF-1D5D2FA579E3}.Release|x86.ActiveCfg = Release|Any CPU
		{6CC0D4F5-CDE4-4337-BCBF-1D5D2FA579E3}.Release|x86.Build.0 = Release|Any CPU
		{6CC0D4F5-CDE4-4337-BCBF-1D5D2FA579E3}.Release|x86.Deploy.0 = Release|Any CPU
		{5AAC9F4D-3E37-4212-8668-14167A127482}.Ad-Hoc|Any CPU.ActiveCfg = Ad-Hoc|iPhone
		{5AAC9F4D-3E37-4212-8668-14167A127482}.Ad-Hoc|ARM.ActiveCfg = Ad-Hoc|iPhone
		{5AAC9F4D-3E37-4212-8668-14167A127482}.Ad-Hoc|iPhone.ActiveCfg = Ad-Hoc|iPhone
		{5AAC9F4D-3E37-4212-8668-14167A127482}.Ad-Hoc|iPhone.Build.0 = Ad-Hoc|iPhone
		{5AAC9F4D-3E37-4212-8668-14167A127482}.Ad-Hoc|iPhoneSimulator.ActiveCfg = Ad-Hoc|iPhoneSimulator
		{5AAC9F4D-3E37-4212-8668-14167A127482}.Ad-Hoc|iPhoneSimulator.Build.0 = Ad-Hoc|iPhoneSimulator
		{5AAC9F4D-3E37-4212-8668-14167A127482}.Ad-Hoc|x64.ActiveCfg = Ad-Hoc|iPhone
		{5AAC9F4D-3E37-4212-8668-14167A127482}.Ad-Hoc|x86.ActiveCfg = Ad-Hoc|iPhone
		{5AAC9F4D-3E37-4212-8668-14167A127482}.AppStore|Any CPU.ActiveCfg = AppStore|iPhone
		{5AAC9F4D-3E37-4212-8668-14167A127482}.AppStore|ARM.ActiveCfg = AppStore|iPhone
		{5AAC9F4D-3E37-4212-8668-14167A127482}.AppStore|iPhone.ActiveCfg = AppStore|iPhone
		{5AAC9F4D-3E37-4212-8668-14167A127482}.AppStore|iPhone.Build.0 = AppStore|iPhone
		{5AAC9F4D-3E37-4212-8668-14167A127482}.AppStore|iPhoneSimulator.ActiveCfg = AppStore|iPhoneSimulator
		{5AAC9F4D-3E37-4212-8668-14167A127482}.AppStore|iPhoneSimulator.Build.0 = AppStore|iPhoneSimulator
		{5AAC9F4D-3E37-4212-8668-14167A127482}.AppStore|x64.ActiveCfg = AppStore|iPhone
		{5AAC9F4D-3E37-4212-8668-14167A127482}.AppStore|x86.ActiveCfg = AppStore|iPhone
		{5AAC9F4D-3E37-4212-8668-14167A127482}.Debug|Any CPU.ActiveCfg = Debug|iPhone
		{5AAC9F4D-3E37-4212-8668-14167A127482}.Debug|ARM.ActiveCfg = Debug|iPhone
		{5AAC9F4D-3E37-4212-8668-14167A127482}.Debug|iPhone.ActiveCfg = Debug|iPhone
		{5AAC9F4D-3E37-4212-8668-14167A127482}.Debug|iPhone.Build.0 = Debug|iPhone
		{5AAC9F4D-3E37-4212-8668-14167A127482}.Debug|iPhoneSimulator.ActiveCfg = Debug|iPhoneSimulator
		{5AAC9F4D-3E37-4212-8668-14167A127482}.Debug|iPhoneSimulator.Build.0 = Debug|iPhoneSimulator
		{5AAC9F4D-3E37-4212-8668-14167A127482}.Debug|x64.ActiveCfg = Debug|iPhone
		{5AAC9F4D-3E37-4212-8668-14167A127482}.Debug|x86.ActiveCfg = Debug|iPhone
		{5AAC9F4D-3E37-4212-8668-14167A127482}.Release|Any CPU.ActiveCfg = Release|iPhone
		{5AAC9F4D-3E37-4212-8668-14167A127482}.Release|ARM.ActiveCfg = Release|iPhone
		{5AAC9F4D-3E37-4212-8668-14167A127482}.Release|iPhone.ActiveCfg = Release|iPhone
		{5AAC9F4D-3E37-4212-8668-14167A127482}.Release|iPhone.Build.0 = Release|iPhone
		{5AAC9F4D-3E37-4212-8668-14167A127482}.Release|iPhoneSimulator.ActiveCfg = Release|iPhoneSimulator
		{5AAC9F4D-3E37-4212-8668-14167A127482}.Release|iPhoneSimulator.Build.0 = Release|iPhoneSimulator
		{5AAC9F4D-3E37-4212-8668-14167A127482}.Release|x64.ActiveCfg = Release|iPhone
		{5AAC9F4D-3E37-4212-8668-14167A127482}.Release|x86.ActiveCfg = Release|iPhone
		{65855B1D-6396-4E24-B093-06783A5573BA}.Ad-Hoc|Any CPU.ActiveCfg = Release|Any CPU
		{65855B1D-6396-4E24-B093-06783A5573BA}.Ad-Hoc|Any CPU.Build.0 = Release|Any CPU
		{65855B1D-6396-4E24-B093-06783A5573BA}.Ad-Hoc|Any CPU.Deploy.0 = Release|Any CPU
		{65855B1D-6396-4E24-B093-06783A5573BA}.Ad-Hoc|ARM.ActiveCfg = Release|ARM
		{65855B1D-6396-4E24-B093-06783A5573BA}.Ad-Hoc|ARM.Build.0 = Release|ARM
		{65855B1D-6396-4E24-B093-06783A5573BA}.Ad-Hoc|ARM.Deploy.0 = Release|ARM
		{65855B1D-6396-4E24-B093-06783A5573BA}.Ad-Hoc|iPhone.ActiveCfg = Release|Any CPU
		{65855B1D-6396-4E24-B093-06783A5573BA}.Ad-Hoc|iPhone.Build.0 = Release|Any CPU
		{65855B1D-6396-4E24-B093-06783A5573BA}.Ad-Hoc|iPhone.Deploy.0 = Release|Any CPU
		{65855B1D-6396-4E24-B093-06783A5573BA}.Ad-Hoc|iPhoneSimulator.ActiveCfg = Release|Any CPU
		{65855B1D-6396-4E24-B093-06783A5573BA}.Ad-Hoc|iPhoneSimulator.Build.0 = Release|Any CPU
		{65855B1D-6396-4E24-B093-06783A5573BA}.Ad-Hoc|iPhoneSimulator.Deploy.0 = Release|Any CPU
		{65855B1D-6396-4E24-B093-06783A5573BA}.Ad-Hoc|x64.ActiveCfg = Release|Any CPU
		{65855B1D-6396-4E24-B093-06783A5573BA}.Ad-Hoc|x64.Build.0 = Release|Any CPU
		{65855B1D-6396-4E24-B093-06783A5573BA}.Ad-Hoc|x64.Deploy.0 = Release|Any CPU
		{65855B1D-6396-4E24-B093-06783A5573BA}.Ad-Hoc|x86.ActiveCfg = Release|x86
		{65855B1D-6396-4E24-B093-06783A5573BA}.Ad-Hoc|x86.Build.0 = Release|x86
		{65855B1D-6396-4E24-B093-06783A5573BA}.Ad-Hoc|x86.Deploy.0 = Release|x86
		{65855B1D-6396-4E24-B093-06783A5573BA}.AppStore|Any CPU.ActiveCfg = Release|Any CPU
		{65855B1D-6396-4E24-B093-06783A5573BA}.AppStore|Any CPU.Build.0 = Release|Any CPU
		{65855B1D-6396-4E24-B093-06783A5573BA}.AppStore|Any CPU.Deploy.0 = Release|Any CPU
		{65855B1D-6396-4E24-B093-06783A5573BA}.AppStore|ARM.ActiveCfg = Release|ARM
		{65855B1D-6396-4E24-B093-06783A5573BA}.AppStore|ARM.Build.0 = Release|ARM
		{65855B1D-6396-4E24-B093-06783A5573BA}.AppStore|ARM.Deploy.0 = Release|ARM
		{65855B1D-6396-4E24-B093-06783A5573BA}.AppStore|iPhone.ActiveCfg = Release|Any CPU
		{65855B1D-6396-4E24-B093-06783A5573BA}.AppStore|iPhone.Build.0 = Release|Any CPU
		{65855B1D-6396-4E24-B093-06783A5573BA}.AppStore|iPhone.Deploy.0 = Release|Any CPU
		{65855B1D-6396-4E24-B093-06783A5573BA}.AppStore|iPhoneSimulator.ActiveCfg = Release|Any CPU
		{65855B1D-6396-4E24-B093-06783A5573BA}.AppStore|iPhoneSimulator.Build.0 = Release|Any CPU
		{65855B1D-6396-4E24-B093-06783A5573BA}.AppStore|iPhoneSimulator.Deploy.0 = Release|Any CPU
		{65855B1D-6396-4E24-B093-06783A5573BA}.AppStore|x64.ActiveCfg = Release|Any CPU
		{65855B1D-6396-4E24-B093-06783A5573BA}.AppStore|x64.Build.0 = Release|Any CPU
		{65855B1D-6396-4E24-B093-06783A5573BA}.AppStore|x64.Deploy.0 = Release|Any CPU
		{65855B1D-6396-4E24-B093-06783A5573BA}.AppStore|x86.ActiveCfg = Release|x86
		{65855B1D-6396-4E24-B093-06783A5573BA}.AppStore|x86.Build.0 = Release|x86
		{65855B1D-6396-4E24-B093-06783A5573BA}.AppStore|x86.Deploy.0 = Release|x86
		{65855B1D-6396-4E24-B093-06783A5573BA}.Debug|Any CPU.ActiveCfg = Debug|Any CPU
		{65855B1D-6396-4E24-B093-06783A5573BA}.Debug|Any CPU.Build.0 = Debug|Any CPU
		{65855B1D-6396-4E24-B093-06783A5573BA}.Debug|Any CPU.Deploy.0 = Debug|Any CPU
		{65855B1D-6396-4E24-B093-06783A5573BA}.Debug|ARM.ActiveCfg = Debug|ARM
		{65855B1D-6396-4E24-B093-06783A5573BA}.Debug|ARM.Build.0 = Debug|ARM
		{65855B1D-6396-4E24-B093-06783A5573BA}.Debug|ARM.Deploy.0 = Debug|ARM
		{65855B1D-6396-4E24-B093-06783A5573BA}.Debug|iPhone.ActiveCfg = Debug|Any CPU
		{65855B1D-6396-4E24-B093-06783A5573BA}.Debug|iPhone.Build.0 = Debug|Any CPU
		{65855B1D-6396-4E24-B093-06783A5573BA}.Debug|iPhone.Deploy.0 = Debug|Any CPU
		{65855B1D-6396-4E24-B093-06783A5573BA}.Debug|iPhoneSimulator.ActiveCfg = Debug|Any CPU
		{65855B1D-6396-4E24-B093-06783A5573BA}.Debug|iPhoneSimulator.Build.0 = Debug|Any CPU
		{65855B1D-6396-4E24-B093-06783A5573BA}.Debug|iPhoneSimulator.Deploy.0 = Debug|Any CPU
		{65855B1D-6396-4E24-B093-06783A5573BA}.Debug|x64.ActiveCfg = Debug|Any CPU
		{65855B1D-6396-4E24-B093-06783A5573BA}.Debug|x64.Build.0 = Debug|Any CPU
		{65855B1D-6396-4E24-B093-06783A5573BA}.Debug|x64.Deploy.0 = Debug|Any CPU
		{65855B1D-6396-4E24-B093-06783A5573BA}.Debug|x86.ActiveCfg = Debug|x86
		{65855B1D-6396-4E24-B093-06783A5573BA}.Debug|x86.Build.0 = Debug|x86
		{65855B1D-6396-4E24-B093-06783A5573BA}.Debug|x86.Deploy.0 = Debug|x86
		{65855B1D-6396-4E24-B093-06783A5573BA}.Release|Any CPU.ActiveCfg = Release|Any CPU
		{65855B1D-6396-4E24-B093-06783A5573BA}.Release|Any CPU.Build.0 = Release|Any CPU
		{65855B1D-6396-4E24-B093-06783A5573BA}.Release|Any CPU.Deploy.0 = Release|Any CPU
		{65855B1D-6396-4E24-B093-06783A5573BA}.Release|ARM.ActiveCfg = Release|ARM
		{65855B1D-6396-4E24-B093-06783A5573BA}.Release|ARM.Build.0 = Release|ARM
		{65855B1D-6396-4E24-B093-06783A5573BA}.Release|ARM.Deploy.0 = Release|ARM
		{65855B1D-6396-4E24-B093-06783A5573BA}.Release|iPhone.ActiveCfg = Release|Any CPU
		{65855B1D-6396-4E24-B093-06783A5573BA}.Release|iPhone.Build.0 = Release|Any CPU
		{65855B1D-6396-4E24-B093-06783A5573BA}.Release|iPhone.Deploy.0 = Release|Any CPU
		{65855B1D-6396-4E24-B093-06783A5573BA}.Release|iPhoneSimulator.ActiveCfg = Release|Any CPU
		{65855B1D-6396-4E24-B093-06783A5573BA}.Release|iPhoneSimulator.Build.0 = Release|Any CPU
		{65855B1D-6396-4E24-B093-06783A5573BA}.Release|iPhoneSimulator.Deploy.0 = Release|Any CPU
		{65855B1D-6396-4E24-B093-06783A5573BA}.Release|x64.ActiveCfg = Release|Any CPU
		{65855B1D-6396-4E24-B093-06783A5573BA}.Release|x64.Build.0 = Release|Any CPU
		{65855B1D-6396-4E24-B093-06783A5573BA}.Release|x64.Deploy.0 = Release|Any CPU
		{65855B1D-6396-4E24-B093-06783A5573BA}.Release|x86.ActiveCfg = Release|x86
		{65855B1D-6396-4E24-B093-06783A5573BA}.Release|x86.Build.0 = Release|x86
		{65855B1D-6396-4E24-B093-06783A5573BA}.Release|x86.Deploy.0 = Release|x86
		{B73D420B-5DD4-4D39-8AE9-F04DC2CE79BD}.Ad-Hoc|Any CPU.ActiveCfg = Release|x86
		{B73D420B-5DD4-4D39-8AE9-F04DC2CE79BD}.Ad-Hoc|Any CPU.Build.0 = Release|x86
		{B73D420B-5DD4-4D39-8AE9-F04DC2CE79BD}.Ad-Hoc|Any CPU.Deploy.0 = Release|x86
		{B73D420B-5DD4-4D39-8AE9-F04DC2CE79BD}.Ad-Hoc|ARM.ActiveCfg = Release|ARM
		{B73D420B-5DD4-4D39-8AE9-F04DC2CE79BD}.Ad-Hoc|ARM.Build.0 = Release|ARM
		{B73D420B-5DD4-4D39-8AE9-F04DC2CE79BD}.Ad-Hoc|ARM.Deploy.0 = Release|ARM
		{B73D420B-5DD4-4D39-8AE9-F04DC2CE79BD}.Ad-Hoc|iPhone.ActiveCfg = Release|x86
		{B73D420B-5DD4-4D39-8AE9-F04DC2CE79BD}.Ad-Hoc|iPhone.Build.0 = Release|x86
		{B73D420B-5DD4-4D39-8AE9-F04DC2CE79BD}.Ad-Hoc|iPhone.Deploy.0 = Release|x86
		{B73D420B-5DD4-4D39-8AE9-F04DC2CE79BD}.Ad-Hoc|iPhoneSimulator.ActiveCfg = Release|x86
		{B73D420B-5DD4-4D39-8AE9-F04DC2CE79BD}.Ad-Hoc|iPhoneSimulator.Build.0 = Release|x86
		{B73D420B-5DD4-4D39-8AE9-F04DC2CE79BD}.Ad-Hoc|iPhoneSimulator.Deploy.0 = Release|x86
		{B73D420B-5DD4-4D39-8AE9-F04DC2CE79BD}.Ad-Hoc|x64.ActiveCfg = Release|x64
		{B73D420B-5DD4-4D39-8AE9-F04DC2CE79BD}.Ad-Hoc|x64.Build.0 = Release|x64
		{B73D420B-5DD4-4D39-8AE9-F04DC2CE79BD}.Ad-Hoc|x64.Deploy.0 = Release|x64
		{B73D420B-5DD4-4D39-8AE9-F04DC2CE79BD}.Ad-Hoc|x86.ActiveCfg = Release|x86
		{B73D420B-5DD4-4D39-8AE9-F04DC2CE79BD}.Ad-Hoc|x86.Build.0 = Release|x86
		{B73D420B-5DD4-4D39-8AE9-F04DC2CE79BD}.Ad-Hoc|x86.Deploy.0 = Release|x86
		{B73D420B-5DD4-4D39-8AE9-F04DC2CE79BD}.AppStore|Any CPU.ActiveCfg = Release|x86
		{B73D420B-5DD4-4D39-8AE9-F04DC2CE79BD}.AppStore|Any CPU.Build.0 = Release|x86
		{B73D420B-5DD4-4D39-8AE9-F04DC2CE79BD}.AppStore|Any CPU.Deploy.0 = Release|x86
		{B73D420B-5DD4-4D39-8AE9-F04DC2CE79BD}.AppStore|ARM.ActiveCfg = Release|ARM
		{B73D420B-5DD4-4D39-8AE9-F04DC2CE79BD}.AppStore|ARM.Build.0 = Release|ARM
		{B73D420B-5DD4-4D39-8AE9-F04DC2CE79BD}.AppStore|ARM.Deploy.0 = Release|ARM
		{B73D420B-5DD4-4D39-8AE9-F04DC2CE79BD}.AppStore|iPhone.ActiveCfg = Release|x86
		{B73D420B-5DD4-4D39-8AE9-F04DC2CE79BD}.AppStore|iPhone.Build.0 = Release|x86
		{B73D420B-5DD4-4D39-8AE9-F04DC2CE79BD}.AppStore|iPhone.Deploy.0 = Release|x86
		{B73D420B-5DD4-4D39-8AE9-F04DC2CE79BD}.AppStore|iPhoneSimulator.ActiveCfg = Release|x86
		{B73D420B-5DD4-4D39-8AE9-F04DC2CE79BD}.AppStore|iPhoneSimulator.Build.0 = Release|x86
		{B73D420B-5DD4-4D39-8AE9-F04DC2CE79BD}.AppStore|iPhoneSimulator.Deploy.0 = Release|x86
		{B73D420B-5DD4-4D39-8AE9-F04DC2CE79BD}.AppStore|x64.ActiveCfg = Release|x64
		{B73D420B-5DD4-4D39-8AE9-F04DC2CE79BD}.AppStore|x64.Build.0 = Release|x64
		{B73D420B-5DD4-4D39-8AE9-F04DC2CE79BD}.AppStore|x64.Deploy.0 = Release|x64
		{B73D420B-5DD4-4D39-8AE9-F04DC2CE79BD}.AppStore|x86.ActiveCfg = Release|x86
		{B73D420B-5DD4-4D39-8AE9-F04DC2CE79BD}.AppStore|x86.Build.0 = Release|x86
		{B73D420B-5DD4-4D39-8AE9-F04DC2CE79BD}.AppStore|x86.Deploy.0 = Release|x86
		{B73D420B-5DD4-4D39-8AE9-F04DC2CE79BD}.Debug|Any CPU.ActiveCfg = Debug|x86
		{B73D420B-5DD4-4D39-8AE9-F04DC2CE79BD}.Debug|ARM.ActiveCfg = Debug|ARM
		{B73D420B-5DD4-4D39-8AE9-F04DC2CE79BD}.Debug|ARM.Build.0 = Debug|ARM
		{B73D420B-5DD4-4D39-8AE9-F04DC2CE79BD}.Debug|ARM.Deploy.0 = Debug|ARM
		{B73D420B-5DD4-4D39-8AE9-F04DC2CE79BD}.Debug|iPhone.ActiveCfg = Debug|x86
		{B73D420B-5DD4-4D39-8AE9-F04DC2CE79BD}.Debug|iPhoneSimulator.ActiveCfg = Debug|x86
		{B73D420B-5DD4-4D39-8AE9-F04DC2CE79BD}.Debug|x64.ActiveCfg = Debug|x64
		{B73D420B-5DD4-4D39-8AE9-F04DC2CE79BD}.Debug|x64.Build.0 = Debug|x64
		{B73D420B-5DD4-4D39-8AE9-F04DC2CE79BD}.Debug|x64.Deploy.0 = Debug|x64
		{B73D420B-5DD4-4D39-8AE9-F04DC2CE79BD}.Debug|x86.ActiveCfg = Debug|x86
		{B73D420B-5DD4-4D39-8AE9-F04DC2CE79BD}.Debug|x86.Build.0 = Debug|x86
		{B73D420B-5DD4-4D39-8AE9-F04DC2CE79BD}.Debug|x86.Deploy.0 = Debug|x86
		{B73D420B-5DD4-4D39-8AE9-F04DC2CE79BD}.Release|Any CPU.ActiveCfg = Release|x86
		{B73D420B-5DD4-4D39-8AE9-F04DC2CE79BD}.Release|ARM.ActiveCfg = Release|ARM
		{B73D420B-5DD4-4D39-8AE9-F04DC2CE79BD}.Release|ARM.Build.0 = Release|ARM
		{B73D420B-5DD4-4D39-8AE9-F04DC2CE79BD}.Release|ARM.Deploy.0 = Release|ARM
		{B73D420B-5DD4-4D39-8AE9-F04DC2CE79BD}.Release|iPhone.ActiveCfg = Release|x86
		{B73D420B-5DD4-4D39-8AE9-F04DC2CE79BD}.Release|iPhoneSimulator.ActiveCfg = Release|x86
		{B73D420B-5DD4-4D39-8AE9-F04DC2CE79BD}.Release|x64.ActiveCfg = Release|x64
		{B73D420B-5DD4-4D39-8AE9-F04DC2CE79BD}.Release|x64.Build.0 = Release|x64
		{B73D420B-5DD4-4D39-8AE9-F04DC2CE79BD}.Release|x64.Deploy.0 = Release|x64
		{B73D420B-5DD4-4D39-8AE9-F04DC2CE79BD}.Release|x86.ActiveCfg = Release|x86
		{B73D420B-5DD4-4D39-8AE9-F04DC2CE79BD}.Release|x86.Build.0 = Release|x86
		{B73D420B-5DD4-4D39-8AE9-F04DC2CE79BD}.Release|x86.Deploy.0 = Release|x86
		{C645788C-CF9C-41AC-939D-DAAF2DC282BE}.Ad-Hoc|Any CPU.ActiveCfg = Release|Any CPU
		{C645788C-CF9C-41AC-939D-DAAF2DC282BE}.Ad-Hoc|Any CPU.Build.0 = Release|Any CPU
		{C645788C-CF9C-41AC-939D-DAAF2DC282BE}.Ad-Hoc|Any CPU.Deploy.0 = Release|Any CPU
		{C645788C-CF9C-41AC-939D-DAAF2DC282BE}.Ad-Hoc|ARM.ActiveCfg = Release|ARM
		{C645788C-CF9C-41AC-939D-DAAF2DC282BE}.Ad-Hoc|ARM.Build.0 = Release|ARM
		{C645788C-CF9C-41AC-939D-DAAF2DC282BE}.Ad-Hoc|ARM.Deploy.0 = Release|ARM
		{C645788C-CF9C-41AC-939D-DAAF2DC282BE}.Ad-Hoc|iPhone.ActiveCfg = Release|Any CPU
		{C645788C-CF9C-41AC-939D-DAAF2DC282BE}.Ad-Hoc|iPhone.Build.0 = Release|Any CPU
		{C645788C-CF9C-41AC-939D-DAAF2DC282BE}.Ad-Hoc|iPhone.Deploy.0 = Release|Any CPU
		{C645788C-CF9C-41AC-939D-DAAF2DC282BE}.Ad-Hoc|iPhoneSimulator.ActiveCfg = Release|Any CPU
		{C645788C-CF9C-41AC-939D-DAAF2DC282BE}.Ad-Hoc|iPhoneSimulator.Build.0 = Release|Any CPU
		{C645788C-CF9C-41AC-939D-DAAF2DC282BE}.Ad-Hoc|iPhoneSimulator.Deploy.0 = Release|Any CPU
		{C645788C-CF9C-41AC-939D-DAAF2DC282BE}.Ad-Hoc|x64.ActiveCfg = Release|x64
		{C645788C-CF9C-41AC-939D-DAAF2DC282BE}.Ad-Hoc|x64.Build.0 = Release|x64
		{C645788C-CF9C-41AC-939D-DAAF2DC282BE}.Ad-Hoc|x64.Deploy.0 = Release|x64
		{C645788C-CF9C-41AC-939D-DAAF2DC282BE}.Ad-Hoc|x86.ActiveCfg = Release|x86
		{C645788C-CF9C-41AC-939D-DAAF2DC282BE}.Ad-Hoc|x86.Build.0 = Release|x86
		{C645788C-CF9C-41AC-939D-DAAF2DC282BE}.Ad-Hoc|x86.Deploy.0 = Release|x86
		{C645788C-CF9C-41AC-939D-DAAF2DC282BE}.AppStore|Any CPU.ActiveCfg = Release|Any CPU
		{C645788C-CF9C-41AC-939D-DAAF2DC282BE}.AppStore|Any CPU.Build.0 = Release|Any CPU
		{C645788C-CF9C-41AC-939D-DAAF2DC282BE}.AppStore|Any CPU.Deploy.0 = Release|Any CPU
		{C645788C-CF9C-41AC-939D-DAAF2DC282BE}.AppStore|ARM.ActiveCfg = Release|ARM
		{C645788C-CF9C-41AC-939D-DAAF2DC282BE}.AppStore|ARM.Build.0 = Release|ARM
		{C645788C-CF9C-41AC-939D-DAAF2DC282BE}.AppStore|ARM.Deploy.0 = Release|ARM
		{C645788C-CF9C-41AC-939D-DAAF2DC282BE}.AppStore|iPhone.ActiveCfg = Release|Any CPU
		{C645788C-CF9C-41AC-939D-DAAF2DC282BE}.AppStore|iPhone.Build.0 = Release|Any CPU
		{C645788C-CF9C-41AC-939D-DAAF2DC282BE}.AppStore|iPhone.Deploy.0 = Release|Any CPU
		{C645788C-CF9C-41AC-939D-DAAF2DC282BE}.AppStore|iPhoneSimulator.ActiveCfg = Release|Any CPU
		{C645788C-CF9C-41AC-939D-DAAF2DC282BE}.AppStore|iPhoneSimulator.Build.0 = Release|Any CPU
		{C645788C-CF9C-41AC-939D-DAAF2DC282BE}.AppStore|iPhoneSimulator.Deploy.0 = Release|Any CPU
		{C645788C-CF9C-41AC-939D-DAAF2DC282BE}.AppStore|x64.ActiveCfg = Release|x64
		{C645788C-CF9C-41AC-939D-DAAF2DC282BE}.AppStore|x64.Build.0 = Release|x64
		{C645788C-CF9C-41AC-939D-DAAF2DC282BE}.AppStore|x64.Deploy.0 = Release|x64
		{C645788C-CF9C-41AC-939D-DAAF2DC282BE}.AppStore|x86.ActiveCfg = Release|x86
		{C645788C-CF9C-41AC-939D-DAAF2DC282BE}.AppStore|x86.Build.0 = Release|x86
		{C645788C-CF9C-41AC-939D-DAAF2DC282BE}.AppStore|x86.Deploy.0 = Release|x86
		{C645788C-CF9C-41AC-939D-DAAF2DC282BE}.Debug|Any CPU.ActiveCfg = Debug|Any CPU
		{C645788C-CF9C-41AC-939D-DAAF2DC282BE}.Debug|Any CPU.Build.0 = Debug|Any CPU
		{C645788C-CF9C-41AC-939D-DAAF2DC282BE}.Debug|Any CPU.Deploy.0 = Debug|Any CPU
		{C645788C-CF9C-41AC-939D-DAAF2DC282BE}.Debug|ARM.ActiveCfg = Debug|ARM
		{C645788C-CF9C-41AC-939D-DAAF2DC282BE}.Debug|ARM.Build.0 = Debug|ARM
		{C645788C-CF9C-41AC-939D-DAAF2DC282BE}.Debug|ARM.Deploy.0 = Debug|ARM
		{C645788C-CF9C-41AC-939D-DAAF2DC282BE}.Debug|iPhone.ActiveCfg = Debug|Any CPU
		{C645788C-CF9C-41AC-939D-DAAF2DC282BE}.Debug|iPhone.Build.0 = Debug|Any CPU
		{C645788C-CF9C-41AC-939D-DAAF2DC282BE}.Debug|iPhone.Deploy.0 = Debug|Any CPU
		{C645788C-CF9C-41AC-939D-DAAF2DC282BE}.Debug|iPhoneSimulator.ActiveCfg = Debug|Any CPU
		{C645788C-CF9C-41AC-939D-DAAF2DC282BE}.Debug|iPhoneSimulator.Build.0 = Debug|Any CPU
		{C645788C-CF9C-41AC-939D-DAAF2DC282BE}.Debug|iPhoneSimulator.Deploy.0 = Debug|Any CPU
		{C645788C-CF9C-41AC-939D-DAAF2DC282BE}.Debug|x64.ActiveCfg = Debug|x64
		{C645788C-CF9C-41AC-939D-DAAF2DC282BE}.Debug|x64.Build.0 = Debug|x64
		{C645788C-CF9C-41AC-939D-DAAF2DC282BE}.Debug|x64.Deploy.0 = Debug|x64
		{C645788C-CF9C-41AC-939D-DAAF2DC282BE}.Debug|x86.ActiveCfg = Debug|x86
		{C645788C-CF9C-41AC-939D-DAAF2DC282BE}.Debug|x86.Build.0 = Debug|x86
		{C645788C-CF9C-41AC-939D-DAAF2DC282BE}.Debug|x86.Deploy.0 = Debug|x86
		{C645788C-CF9C-41AC-939D-DAAF2DC282BE}.Release|Any CPU.ActiveCfg = Release|Any CPU
		{C645788C-CF9C-41AC-939D-DAAF2DC282BE}.Release|Any CPU.Build.0 = Release|Any CPU
		{C645788C-CF9C-41AC-939D-DAAF2DC282BE}.Release|Any CPU.Deploy.0 = Release|Any CPU
		{C645788C-CF9C-41AC-939D-DAAF2DC282BE}.Release|ARM.ActiveCfg = Release|ARM
		{C645788C-CF9C-41AC-939D-DAAF2DC282BE}.Release|ARM.Build.0 = Release|ARM
		{C645788C-CF9C-41AC-939D-DAAF2DC282BE}.Release|ARM.Deploy.0 = Release|ARM
		{C645788C-CF9C-41AC-939D-DAAF2DC282BE}.Release|iPhone.ActiveCfg = Release|Any CPU
		{C645788C-CF9C-41AC-939D-DAAF2DC282BE}.Release|iPhone.Build.0 = Release|Any CPU
		{C645788C-CF9C-41AC-939D-DAAF2DC282BE}.Release|iPhone.Deploy.0 = Release|Any CPU
		{C645788C-CF9C-41AC-939D-DAAF2DC282BE}.Release|iPhoneSimulator.ActiveCfg = Release|Any CPU
		{C645788C-CF9C-41AC-939D-DAAF2DC282BE}.Release|iPhoneSimulator.Build.0 = Release|Any CPU
		{C645788C-CF9C-41AC-939D-DAAF2DC282BE}.Release|iPhoneSimulator.Deploy.0 = Release|Any CPU
		{C645788C-CF9C-41AC-939D-DAAF2DC282BE}.Release|x64.ActiveCfg = Release|x64
		{C645788C-CF9C-41AC-939D-DAAF2DC282BE}.Release|x64.Build.0 = Release|x64
		{C645788C-CF9C-41AC-939D-DAAF2DC282BE}.Release|x64.Deploy.0 = Release|x64
		{C645788C-CF9C-41AC-939D-DAAF2DC282BE}.Release|x86.ActiveCfg = Release|x86
		{C645788C-CF9C-41AC-939D-DAAF2DC282BE}.Release|x86.Build.0 = Release|x86
		{C645788C-CF9C-41AC-939D-DAAF2DC282BE}.Release|x86.Deploy.0 = Release|x86
	EndGlobalSection
	GlobalSection(SolutionProperties) = preSolution
		HideSolutionNode = FALSE
	EndGlobalSection
EndGlobal
